<Solution>
  <Project Path="PropertyAnalytics.API/PropertyAnalytics.API.csproj" />
  <Project Path="PropertyAnalytics.Application/PropertyAnalytics.Application.csproj" />
  <Project Path="PropertyAnalytics.Data/PropertyAnalytics.Data.csproj" />
  <Project Path="PropertyAnalytics.Domain/PropertyAnalytics.Domain.csproj" />
</Solution>
